
Microsoft Visual Studio Solution File, Format Version 12.00
# Visual Studio Version 16
VisualStudioVersion = 16.0.30011.22
MinimumVisualStudioVersion = 10.0.40219.1
Project("{FAE04EC0-301F-11D3-BF4B-00C04F79EFBC}") = "HiddenWords", "HiddenWords\HiddenWords.csproj", "{38341D96-0F01-4CEA-B070-32114F383450}"
EndProject
Project("{FAE04EC0-301F-11D3-BF4B-00C04F79EFBC}") = "Basics", "Basics\Basics.csproj", "{DBF826DC-CF7F-4CF1-9AD1-987F2F6F760D}"
EndProject
Global
	GlobalSection(SolutionConfigurationPlatforms) = preSolution
		Debug|Any CPU = Debug|Any CPU
		Release|Any CPU = Release|Any CPU
	EndGlobalSection
	GlobalSection(ProjectConfigurationPlatforms) = postSolution
		{38341D96-0F01-4CEA-B070-32114F383450}.Debug|Any CPU.ActiveCfg = Debug|Any CPU
		{38341D96-0F01-4CEA-B070-32114F383450}.Debug|Any CPU.Build.0 = Debug|Any CPU
		{38341D96-0F01-4CEA-B070-32114F383450}.Release|Any CPU.ActiveCfg = Release|Any CPU
		{38341D96-0F01-4CEA-B070-32114F383450}.Release|Any CPU.Build.0 = Release|Any CPU
		{DBF826DC-CF7F-4CF1-9AD1-987F2F6F760D}.Debug|Any CPU.ActiveCfg = Debug|Any CPU
		{DBF826DC-CF7F-4CF1-9AD1-987F2F6F760D}.Debug|Any CPU.Build.0 = Debug|Any CPU
		{DBF826DC-CF7F-4CF1-9AD1-987F2F6F760D}.Release|Any CPU.ActiveCfg = Release|Any CPU
		{DBF826DC-CF7F-4CF1-9AD1-987F2F6F760D}.Release|Any CPU.Build.0 = Release|Any CPU
	EndGlobalSection
	GlobalSection(SolutionProperties) = preSolution
		HideSolutionNode = FALSE
	EndGlobalSection
	GlobalSection(ExtensibilityGlobals) = postSolution
		SolutionGuid = {A5B43EA3-BF58-48AF-B878-9F89BBDBD9C7}
	EndGlobalSection
EndGlobal
